
Microsoft Visual Studio Solution File, Format Version 12.00
# Visual Studio Version 16
VisualStudioVersion = 16.0.29926.136
MinimumVisualStudioVersion = 10.0.40219.1
Project("{FAE04EC0-301F-11D3-BF4B-00C04F79EFBC}") = "Condotional_2", "Condotional_2\Condotional_2.csproj", "{79D29C1C-0499-4E7D-B32E-38C948CC8FF1}"
EndProject
Global
	GlobalSection(SolutionConfigurationPlatforms) = preSolution
		Debug|Any CPU = Debug|Any CPU
		Release|Any CPU = Release|Any CPU
	EndGlobalSection
	GlobalSection(ProjectConfigurationPlatforms) = postSolution
		{79D29C1C-0499-4E7D-B32E-38C948CC8FF1}.Debug|Any CPU.ActiveCfg = Debug|Any CPU
		{79D29C1C-0499-4E7D-B32E-38C948CC8FF1}.Debug|Any CPU.Build.0 = Debug|Any CPU
		{79D29C1C-0499-4E7D-B32E-38C948CC8FF1}.Release|Any CPU.ActiveCfg = Release|Any CPU
		{79D29C1C-0499-4E7D-B32E-38C948CC8FF1}.Release|Any CPU.Build.0 = Release|Any CPU
	EndGlobalSection
	GlobalSection(SolutionProperties) = preSolution
		HideSolutionNode = FALSE
	EndGlobalSection
	GlobalSection(ExtensibilityGlobals) = postSolution
		SolutionGuid = {3E47DD36-CB95-4068-8805-E3E7A13B5225}
	EndGlobalSection
EndGlobal
